
Microsoft Visual Studio Solution File, Format Version 12.00
# Visual Studio Version 16
VisualStudioVersion = 16.0.29306.81
MinimumVisualStudioVersion = 10.0.40219.1
Project("{FAE04EC0-301F-11D3-BF4B-00C04F79EFBC}") = "RawData", "RawData\RawData.csproj", "{D702952E-A609-472E-9399-289EBA2F715A}"
EndProject
Project("{FAE04EC0-301F-11D3-BF4B-00C04F79EFBC}") = "SpeedRacing", "SpeedRacing\SpeedRacing.csproj", "{78FB6CA6-7050-4486-B813-FA015B4D7820}"
EndProject
Global
	GlobalSection(SolutionConfigurationPlatforms) = preSolution
		Debug|Any CPU = Debug|Any CPU
		Release|Any CPU = Release|Any CPU
	EndGlobalSection
	GlobalSection(ProjectConfigurationPlatforms) = postSolution
		{D702952E-A609-472E-9399-289EBA2F715A}.Debug|Any CPU.ActiveCfg = Debug|Any CPU
		{D702952E-A609-472E-9399-289EBA2F715A}.Debug|Any CPU.Build.0 = Debug|Any CPU
		{D702952E-A609-472E-9399-289EBA2F715A}.Release|Any CPU.ActiveCfg = Release|Any CPU
		{D702952E-A609-472E-9399-289EBA2F715A}.Release|Any CPU.Build.0 = Release|Any CPU
		{78FB6CA6-7050-4486-B813-FA015B4D7820}.Debug|Any CPU.ActiveCfg = Debug|Any CPU
		{78FB6CA6-7050-4486-B813-FA015B4D7820}.Debug|Any CPU.Build.0 = Debug|Any CPU
		{78FB6CA6-7050-4486-B813-FA015B4D7820}.Release|Any CPU.ActiveCfg = Release|Any CPU
		{78FB6CA6-7050-4486-B813-FA015B4D7820}.Release|Any CPU.Build.0 = Release|Any CPU
	EndGlobalSection
	GlobalSection(SolutionProperties) = preSolution
		HideSolutionNode = FALSE
	EndGlobalSection
	GlobalSection(ExtensibilityGlobals) = postSolution
		SolutionGuid = {259709F8-8E96-4DB5-A228-DFA1337863E9}
	EndGlobalSection
EndGlobal
