
Microsoft Visual Studio Solution File, Format Version 12.00
# Visual Studio Version 16
VisualStudioVersion = 16.0.30611.23
MinimumVisualStudioVersion = 10.0.40219.1
Project("{9A19103F-16F7-4668-BE54-9A1E7A4F7556}") = "Raiding", "Raiding\Raiding.csproj", "{6B10704D-178B-40B0-B986-25823E5F6959}"
EndProject
Project("{9A19103F-16F7-4668-BE54-9A1E7A4F7556}") = "WildFarm", "WildFarm\WildFarm.csproj", "{A3197C8B-94DF-4A12-B366-01E3F5DC6FA0}"
EndProject
Global
	GlobalSection(SolutionConfigurationPlatforms) = preSolution
		Debug|Any CPU = Debug|Any CPU
		Release|Any CPU = Release|Any CPU
	EndGlobalSection
	GlobalSection(ProjectConfigurationPlatforms) = postSolution
		{6B10704D-178B-40B0-B986-25823E5F6959}.Debug|Any CPU.ActiveCfg = Debug|Any CPU
		{6B10704D-178B-40B0-B986-25823E5F6959}.Debug|Any CPU.Build.0 = Debug|Any CPU
		{6B10704D-178B-40B0-B986-25823E5F6959}.Release|Any CPU.ActiveCfg = Release|Any CPU
		{6B10704D-178B-40B0-B986-25823E5F6959}.Release|Any CPU.Build.0 = Release|Any CPU
		{A3197C8B-94DF-4A12-B366-01E3F5DC6FA0}.Debug|Any CPU.ActiveCfg = Debug|Any CPU
		{A3197C8B-94DF-4A12-B366-01E3F5DC6FA0}.Debug|Any CPU.Build.0 = Debug|Any CPU
		{A3197C8B-94DF-4A12-B366-01E3F5DC6FA0}.Release|Any CPU.ActiveCfg = Release|Any CPU
		{A3197C8B-94DF-4A12-B366-01E3F5DC6FA0}.Release|Any CPU.Build.0 = Release|Any CPU
	EndGlobalSection
	GlobalSection(SolutionProperties) = preSolution
		HideSolutionNode = FALSE
	EndGlobalSection
	GlobalSection(ExtensibilityGlobals) = postSolution
		SolutionGuid = {D2CA2B01-AFD2-4753-AABD-5C213BC6ABD7}
	EndGlobalSection
EndGlobal
